
Microsoft Visual Studio Solution File, Format Version 12.00
# Visual Studio Version 17
VisualStudioVersion = 17.9.34518.117
MinimumVisualStudioVersion = 10.0.40219.1
Project("{9A19103F-16F7-4668-BE54-9A1E7A4F7556}") = "Transmitly.ChannelProvider.Infobip", "src\Transmitly.ChannelProvider.InfoBip\Transmitly.ChannelProvider.Infobip.csproj", "{721F1CB3-BD3A-4F80-B159-55882D2AE965}"
EndProject
Global
	GlobalSection(SolutionConfigurationPlatforms) = preSolution
		Debug|Any CPU = Debug|Any CPU
		Release|Any CPU = Release|Any CPU
	EndGlobalSection
	GlobalSection(ProjectConfigurationPlatforms) = postSolution
		{721F1CB3-BD3A-4F80-B159-55882D2AE965}.Debug|Any CPU.ActiveCfg = Debug|Any CPU
		{721F1CB3-BD3A-4F80-B159-55882D2AE965}.Debug|Any CPU.Build.0 = Debug|Any CPU
		{721F1CB3-BD3A-4F80-B159-55882D2AE965}.Release|Any CPU.ActiveCfg = Release|Any CPU
		{721F1CB3-BD3A-4F80-B159-55882D2AE965}.Release|Any CPU.Build.0 = Release|Any CPU
	EndGlobalSection
	GlobalSection(SolutionProperties) = preSolution
		HideSolutionNode = FALSE
	EndGlobalSection
	GlobalSection(ExtensibilityGlobals) = postSolution
		SolutionGuid = {344688B0-0911-40B0-BAAF-A6FE9280D744}
	EndGlobalSection
EndGlobal
